
Microsoft Visual Studio Solution File, Format Version 12.00
# Visual Studio Version 16
VisualStudioVersion = 16.0.31727.386
MinimumVisualStudioVersion = 10.0.40219.1
Project("{8BC9CEB8-8B4A-11D0-8D11-00A0C91BC942}") = "engine_project", "engine\ct5037engine.vcxproj", "{C7F8CCC5-D5E0-4BC8-A69D-CE073A61D771}"
EndProject
Global
	GlobalSection(SolutionConfigurationPlatforms) = preSolution
		Debug|x64 = Debug|x64
		Release|x64 = Release|x64
	EndGlobalSection
	GlobalSection(ProjectConfigurationPlatforms) = postSolution
		{C7F8CCC5-D5E0-4BC8-A69D-CE073A61D771}.Debug|x64.ActiveCfg = Debug|x64
		{C7F8CCC5-D5E0-4BC8-A69D-CE073A61D771}.Debug|x64.Build.0 = Debug|x64
		{C7F8CCC5-D5E0-4BC8-A69D-CE073A61D771}.Release|x64.ActiveCfg = Release|x64
		{C7F8CCC5-D5E0-4BC8-A69D-CE073A61D771}.Release|x64.Build.0 = Release|x64
	EndGlobalSection
	GlobalSection(SolutionProperties) = preSolution
		HideSolutionNode = FALSE
	EndGlobalSection
	GlobalSection(ExtensibilityGlobals) = postSolution
		SolutionGuid = {AF07E481-4AEB-4C3C-9737-41602443E961}
	EndGlobalSection
EndGlobal
